// !$*UTF8*$!
{
	archiveVersion = 1;
	classes = {
	};
	objectVersion = 55;
	objects = {

/* Begin PBXBuildFile section */
		AF00EEEC285CD92300851154 /* Details.xcdatamodeld in Sources */ = {isa = PBXBuildFile; fileRef = AF00EEEA285CD92300851154 /* Details.xcdatamodeld */; };
		AF00EEF6285CDC6D00851154 /* DataController.swift in Sources */ = {isa = PBXBuildFile; fileRef = AF00EEF5285CDC6D00851154 /* DataController.swift */; };
		AF00EF13285D057500851154 /* CachedUser+CoreDataClass.swift in Sources */ = {isa = PBXBuildFile; fileRef = AF00EF0F285D057500851154 /* CachedUser+CoreDataClass.swift */; };
		AF00EF14285D057500851154 /* CachedUser+CoreDataProperties.swift in Sources */ = {isa = PBXBuildFile; fileRef = AF00EF10285D057500851154 /* CachedUser+CoreDataProperties.swift */; };
		AF00EF15285D057500851154 /* CachedFriend+CoreDataClass.swift in Sources */ = {isa = PBXBuildFile; fileRef = AF00EF11285D057500851154 /* CachedFriend+CoreDataClass.swift */; };
		AF00EF16285D057500851154 /* CachedFriend+CoreDataProperties.swift in Sources */ = {isa = PBXBuildFile; fileRef = AF00EF12285D057500851154 /* CachedFriend+CoreDataProperties.swift */; };
		AF45D4A1285C080B008310D0 /* URLSessionChallengeApp.swift in Sources */ = {isa = PBXBuildFile; fileRef = AF45D4A0285C080B008310D0 /* URLSessionChallengeApp.swift */; };
		AF45D4A3285C080B008310D0 /* ContentView.swift in Sources */ = {isa = PBXBuildFile; fileRef = AF45D4A2285C080B008310D0 /* ContentView.swift */; };
		AF45D4A5285C080D008310D0 /* Assets.xcassets in Resources */ = {isa = PBXBuildFile; fileRef = AF45D4A4285C080D008310D0 /* Assets.xcassets */; };
		AF45D4A8285C080D008310D0 /* Preview Assets.xcassets in Resources */ = {isa = PBXBuildFile; fileRef = AF45D4A7285C080D008310D0 /* Preview Assets.xcassets */; };
		AF45D4AF285C08C2008310D0 /* User.swift in Sources */ = {isa = PBXBuildFile; fileRef = AF45D4AE285C08C2008310D0 /* User.swift */; };
		AF45D4B3285C09CB008310D0 /* Friends.swift in Sources */ = {isa = PBXBuildFile; fileRef = AF45D4B2285C09CB008310D0 /* Friends.swift */; };
		AF45D4B5285C11A6008310D0 /* DetailView.swift in Sources */ = {isa = PBXBuildFile; fileRef = AF45D4B4285C11A6008310D0 /* DetailView.swift */; };
		AFCC15A0286B1C140007CFE2 /* DataManager.swift in Sources */ = {isa = PBXBuildFile; fileRef = AFCC159F286B1C140007CFE2 /* DataManager.swift */; };
/* End PBXBuildFile section */

/* Begin PBXFileReference section */
		AF00EEEB285CD92300851154 /* Details.xcdatamodel */ = {isa = PBXFileReference; lastKnownFileType = wrapper.xcdatamodel; path = Details.xcdatamodel; sourceTree = "<group>"; };
		AF00EEF5285CDC6D00851154 /* DataController.swift */ = {isa = PBXFileReference; lastKnownFileType = sourcecode.swift; path = DataController.swift; sourceTree = "<group>"; };
		AF00EF0F285D057500851154 /* CachedUser+CoreDataClass.swift */ = {isa = PBXFileReference; lastKnownFileType = sourcecode.swift; path = "CachedUser+CoreDataClass.swift"; sourceTree = SOURCE_ROOT; };
		AF00EF10285D057500851154 /* CachedUser+CoreDataProperties.swift */ = {isa = PBXFileReference; lastKnownFileType = sourcecode.swift; path = "CachedUser+CoreDataProperties.swift"; sourceTree = SOURCE_ROOT; };
		AF00EF11285D057500851154 /* CachedFriend+CoreDataClass.swift */ = {isa = PBXFileReference; lastKnownFileType = sourcecode.swift; path = "CachedFriend+CoreDataClass.swift"; sourceTree = SOURCE_ROOT; };
		AF00EF12285D057500851154 /* CachedFriend+CoreDataProperties.swift */ = {isa = PBXFileReference; lastKnownFileType = sourcecode.swift; path = "CachedFriend+CoreDataProperties.swift"; sourceTree = SOURCE_ROOT; };
		AF45D49D285C080B008310D0 /* URLSessionChallenge.app */ = {isa = PBXFileReference; explicitFileType = wrapper.application; includeInIndex = 0; path = URLSessionChallenge.app; sourceTree = BUILT_PRODUCTS_DIR; };
		AF45D4A0285C080B008310D0 /* URLSessionChallengeApp.swift */ = {isa = PBXFileReference; lastKnownFileType = sourcecode.swift; path = URLSessionChallengeApp.swift; sourceTree = "<group>"; };
		AF45D4A2285C080B008310D0 /* ContentView.swift */ = {isa = PBXFileReference; lastKnownFileType = sourcecode.swift; path = ContentView.swift; sourceTree = "<group>"; };
		AF45D4A4285C080D008310D0 /* Assets.xcassets */ = {isa = PBXFileReference; lastKnownFileType = folder.assetcatalog; path = Assets.xcassets; sourceTree = "<group>"; };
		AF45D4A7285C080D008310D0 /* Preview Assets.xcassets */ = {isa = PBXFileReference; lastKnownFileType = folder.assetcatalog; path = "Preview Assets.xcassets"; sourceTree = "<group>"; };
		AF45D4AE285C08C2008310D0 /* User.swift */ = {isa = PBXFileReference; lastKnownFileType = sourcecode.swift; path = User.swift; sourceTree = "<group>"; };
		AF45D4B2285C09CB008310D0 /* Friends.swift */ = {isa = PBXFileReference; lastKnownFileType = sourcecode.swift; path = Friends.swift; sourceTree = "<group>"; };
		AF45D4B4285C11A6008310D0 /* DetailView.swift */ = {isa = PBXFileReference; lastKnownFileType = sourcecode.swift; path = DetailView.swift; sourceTree = "<group>"; };
		AFCC159F286B1C140007CFE2 /* DataManager.swift */ = {isa = PBXFileReference; lastKnownFileType = sourcecode.swift; path = DataManager.swift; sourceTree = "<group>"; };
/* End PBXFileReference section */

/* Begin PBXFrameworksBuildPhase section */
		AF45D49A285C080B008310D0 /* Frameworks */ = {
			isa = PBXFrameworksBuildPhase;
			buildActionMask = 2147483647;
			files = (
			);
			runOnlyForDeploymentPostprocessing = 0;
		};
/* End PBXFrameworksBuildPhase section */

/* Begin PBXGroup section */
		AF45D494285C080B008310D0 = {
			isa = PBXGroup;
			children = (
				AF45D49F285C080B008310D0 /* URLSessionChallenge */,
				AF45D49E285C080B008310D0 /* Products */,
			);
			sourceTree = "<group>";
		};
		AF45D49E285C080B008310D0 /* Products */ = {
			isa = PBXGroup;
			children = (
				AF45D49D285C080B008310D0 /* URLSessionChallenge.app */,
			);
			name = Products;
			sourceTree = "<group>";
		};
		AF45D49F285C080B008310D0 /* URLSessionChallenge */ = {
			isa = PBXGroup;
			children = (
				AF00EF0F285D057500851154 /* CachedUser+CoreDataClass.swift */,
				AF00EF10285D057500851154 /* CachedUser+CoreDataProperties.swift */,
				AF00EF11285D057500851154 /* CachedFriend+CoreDataClass.swift */,
				AF00EF12285D057500851154 /* CachedFriend+CoreDataProperties.swift */,
				AF45D4A0285C080B008310D0 /* URLSessionChallengeApp.swift */,
				AF45D4A2285C080B008310D0 /* ContentView.swift */,
				AF45D4A4285C080D008310D0 /* Assets.xcassets */,
				AF45D4A6285C080D008310D0 /* Preview Content */,
				AF45D4AE285C08C2008310D0 /* User.swift */,
				AF45D4B2285C09CB008310D0 /* Friends.swift */,
				AF45D4B4285C11A6008310D0 /* DetailView.swift */,
				AF00EEEA285CD92300851154 /* Details.xcdatamodeld */,
				AF00EEF5285CDC6D00851154 /* DataController.swift */,
				AFCC159F286B1C140007CFE2 /* DataManager.swift */,
			);
			path = URLSessionChallenge;
			sourceTree = "<group>";
		};
		AF45D4A6285C080D008310D0 /* Preview Content */ = {
			isa = PBXGroup;
			children = (
				AF45D4A7285C080D008310D0 /* Preview Assets.xcassets */,
			);
			path = "Preview Content";
			sourceTree = "<group>";
		};
/* End PBXGroup section */

/* Begin PBXNativeTarget section */
		AF45D49C285C080B008310D0 /* URLSessionChallenge */ = {
			isa = PBXNativeTarget;
			buildConfigurationList = AF45D4AB285C080D008310D0 /* Build configuration list for PBXNativeTarget "URLSessionChallenge" */;
			buildPhases = (
				AF45D499285C080B008310D0 /* Sources */,
				AF45D49A285C080B008310D0 /* Frameworks */,
				AF45D49B285C080B008310D0 /* Resources */,
			);
			buildRules = (
			);
			dependencies = (
			);
			name = URLSessionChallenge;
			productName = URLSessionChallenge;
			productReference = AF45D49D285C080B008310D0 /* URLSessionChallenge.app */;
			productType = "com.apple.product-type.application";
		};
/* End PBXNativeTarget section */

/* Begin PBXProject section */
		AF45D495285C080B008310D0 /* Project object */ = {
			isa = PBXProject;
			attributes = {
				BuildIndependentTargetsInParallel = 1;
				LastSwiftUpdateCheck = 1330;
				LastUpgradeCheck = 1330;
				TargetAttributes = {
					AF45D49C285C080B008310D0 = {
						CreatedOnToolsVersion = 13.3;
					};
				};
			};
			buildConfigurationList = AF45D498285C080B008310D0 /* Build configuration list for PBXProject "URLSessionChallenge" */;
			compatibilityVersion = "Xcode 13.0";
			developmentRegion = en;
			hasScannedForEncodings = 0;
			knownRegions = (
				en,
				Base,
			);
			mainGroup = AF45D494285C080B008310D0;
			productRefGroup = AF45D49E285C080B008310D0 /* Products */;
			projectDirPath = "";
			projectRoot = "";
			targets = (
				AF45D49C285C080B008310D0 /* URLSessionChallenge */,
			);
		};
/* End PBXProject section */

/* Begin PBXResourcesBuildPhase section */
		AF45D49B285C080B008310D0 /* Resources */ = {
			isa = PBXResourcesBuildPhase;
			buildActionMask = 2147483647;
			files = (
				AF45D4A8285C080D008310D0 /* Preview Assets.xcassets in Resources */,
				AF45D4A5285C080D008310D0 /* Assets.xcassets in Resources */,
			);
			runOnlyForDeploymentPostprocessing = 0;
		};
/* End PBXResourcesBuildPhase section */

/* Begin PBXSourcesBuildPhase section */
		AF45D499285C080B008310D0 /* Sources */ = {
			isa = PBXSourcesBuildPhase;
			buildActionMask = 2147483647;
			files = (
				AF45D4A3285C080B008310D0 /* ContentView.swift in Sources */,
				AFCC15A0286B1C140007CFE2 /* DataManager.swift in Sources */,
				AF45D4A1285C080B008310D0 /* URLSessionChallengeApp.swift in Sources */,
				AF00EEF6285CDC6D00851154 /* DataController.swift in Sources */,
				AF45D4AF285C08C2008310D0 /* User.swift in Sources */,
				AF00EF13285D057500851154 /* CachedUser+CoreDataClass.swift in Sources */,
				AF00EF16285D057500851154 /* CachedFriend+CoreDataProperties.swift in Sources */,
				AF45D4B5285C11A6008310D0 /* DetailView.swift in Sources */,
				AF00EEEC285CD92300851154 /* Details.xcdatamodeld in Sources */,
				AF00EF14285D057500851154 /* CachedUser+CoreDataProperties.swift in Sources */,
				AF00EF15285D057500851154 /* CachedFriend+CoreDataClass.swift in Sources */,
				AF45D4B3285C09CB008310D0 /* Friends.swift in Sources */,
			);
			runOnlyForDeploymentPostprocessing = 0;
		};
/* End PBXSourcesBuildPhase section */

/* Begin XCBuildConfiguration section */
		AF45D4A9285C080D008310D0 /* Debug */ = {
			isa = XCBuildConfiguration;
			buildSettings = {
				ALWAYS_SEARCH_USER_PATHS = NO;
				CLANG_ANALYZER_NONNULL = YES;
				CLANG_ANALYZER_NUMBER_OBJECT_CONVERSION = YES_AGGRESSIVE;
				CLANG_CXX_LANGUAGE_STANDARD = "gnu++17";
				CLANG_ENABLE_MODULES = YES;
				CLANG_ENABLE_OBJC_ARC = YES;
				CLANG_ENABLE_OBJC_WEAK = YES;
				CLANG_WARN_BLOCK_CAPTURE_AUTORELEASING = YES;
				CLANG_WARN_BOOL_CONVERSION = YES;
				CLANG_WARN_COMMA = YES;
				CLANG_WARN_CONSTANT_CONVERSION = YES;
				CLANG_WARN_DEPRECATED_OBJC_IMPLEMENTATIONS = YES;
				CLANG_WARN_DIRECT_OBJC_ISA_USAGE = YES_ERROR;
				CLANG_WARN_DOCUMENTATION_COMMENTS = YES;
				CLANG_WARN_EMPTY_BODY = YES;
				CLANG_WARN_ENUM_CONVERSION = YES;
				CLANG_WARN_INFINITE_RECURSION = YES;
				CLANG_WARN_INT_CONVERSION = YES;
				CLANG_WARN_NON_LITERAL_NULL_CONVERSION = YES;
				CLANG_WARN_OBJC_IMPLICIT_RETAIN_SELF = YES;
				CLANG_WARN_OBJC_LITERAL_CONVERSION = YES;
				CLANG_WARN_OBJC_ROOT_CLASS = YES_ERROR;
				CLANG_WARN_QUOTED_INCLUDE_IN_FRAMEWORK_HEADER = YES;
				CLANG_WARN_RANGE_LOOP_ANALYSIS = YES;
				CLANG_WARN_STRICT_PROTOTYPES = YES;
				CLANG_WARN_SUSPICIOUS_MOVE = YES;
				CLANG_WARN_UNGUARDED_AVAILABILITY = YES_AGGRESSIVE;
				CLANG_WARN_UNREACHABLE_CODE = YES;
				CLANG_WARN__DUPLICATE_METHOD_MATCH = YES;
				COPY_PHASE_STRIP = NO;
				DEBUG_INFORMATION_FORMAT = dwarf;
				ENABLE_STRICT_OBJC_MSGSEND = YES;
				ENABLE_TESTABILITY = YES;
				GCC_C_LANGUAGE_STANDARD = gnu11;
				GCC_DYNAMIC_NO_PIC = NO;
				GCC_NO_COMMON_BLOCKS = YES;
				GCC_OPTIMIZATION_LEVEL = 0;
				GCC_PREPROCESSOR_DEFINITIONS = (
					"DEBUG=1",
					"$(inherited)",
				);
				GCC_WARN_64_TO_32_BIT_CONVERSION = YES;
				GCC_WARN_ABOUT_RETURN_TYPE = YES_ERROR;
				GCC_WARN_UNDECLARED_SELECTOR = YES;
				GCC_WARN_UNINITIALIZED_AUTOS = YES_AGGRESSIVE;
				GCC_WARN_UNUSED_FUNCTION = YES;
				GCC_WARN_UNUSED_VARIABLE = YES;
				IPHONEOS_DEPLOYMENT_TARGET = 15.4;
				MTL_ENABLE_DEBUG_INFO = INCLUDE_SOURCE;
				MTL_FAST_MATH = YES;
				ONLY_ACTIVE_ARCH = YES;
				SDKROOT = iphoneos;
				SWIFT_ACTIVE_COMPILATION_CONDITIONS = DEBUG;
				SWIFT_OPTIMIZATION_LEVEL = "-Onone";
			};
			name = Debug;
		};
		AF45D4AA285C080D008310D0 /* Release */ = {
			isa = XCBuildConfiguration;
			buildSettings = {
				ALWAYS_SEARCH_USER_PATHS = NO;
				CLANG_ANALYZER_NONNULL = YES;
				CLANG_ANALYZER_NUMBER_OBJECT_CONVERSION = YES_AGGRESSIVE;
				CLANG_CXX_LANGUAGE_STANDARD = "gnu++17";
				CLANG_ENABLE_MODULES = YES;
				CLANG_ENABLE_OBJC_ARC = YES;
				CLANG_ENABLE_OBJC_WEAK = YES;
				CLANG_WARN_BLOCK_CAPTURE_AUTORELEASING = YES;
				CLANG_WARN_BOOL_CONVERSION = YES;
				CLANG_WARN_COMMA = YES;
				CLANG_WARN_CONSTANT_CONVERSION = YES;
				CLANG_WARN_DEPRECATED_OBJC_IMPLEMENTATIONS = YES;
				CLANG_WARN_DIRECT_OBJC_ISA_USAGE = YES_ERROR;
				CLANG_WARN_DOCUMENTATION_COMMENTS = YES;
				CLANG_WARN_EMPTY_BODY = YES;
				CLANG_WARN_ENUM_CONVERSION = YES;
				CLANG_WARN_INFINITE_RECURSION = YES;
				CLANG_WARN_INT_CONVERSION = YES;
				CLANG_WARN_NON_LITERAL_NULL_CONVERSION = YES;
				CLANG_WARN_OBJC_IMPLICIT_RETAIN_SELF = YES;
				CLANG_WARN_OBJC_LITERAL_CONVERSION = YES;
				CLANG_WARN_OBJC_ROOT_CLASS = YES_ERROR;
				CLANG_WARN_QUOTED_INCLUDE_IN_FRAMEWORK_HEADER = YES;
				CLANG_WARN_RANGE_LOOP_ANALYSIS = YES;
				CLANG_WARN_STRICT_PROTOTYPES = YES;
				CLANG_WARN_SUSPICIOUS_MOVE = YES;
				CLANG_WARN_UNGUARDED_AVAILABILITY = YES_AGGRESSIVE;
				CLANG_WARN_UNREACHABLE_CODE = YES;
				CLANG_WARN__DUPLICATE_METHOD_MATCH = YES;
				COPY_PHASE_STRIP = NO;
				DEBUG_INFORMATION_FORMAT = "dwarf-with-dsym";
				ENABLE_NS_ASSERTIONS = NO;
				ENABLE_STRICT_OBJC_MSGSEND = YES;
				GCC_C_LANGUAGE_STANDARD = gnu11;
				GCC_NO_COMMON_BLOCKS = YES;
				GCC_WARN_64_TO_32_BIT_CONVERSION = YES;
				GCC_WARN_ABOUT_RETURN_TYPE = YES_ERROR;
				GCC_WARN_UNDECLARED_SELECTOR = YES;
				GCC_WARN_UNINITIALIZED_AUTOS = YES_AGGRESSIVE;
				GCC_WARN_UNUSED_FUNCTION = YES;
				GCC_WARN_UNUSED_VARIABLE = YES;
				IPHONEOS_DEPLOYMENT_TARGET = 15.4;
				MTL_ENABLE_DEBUG_INFO = NO;
				MTL_FAST_MATH = YES;
				SDKROOT = iphoneos;
				SWIFT_COMPILATION_MODE = wholemodule;
				SWIFT_OPTIMIZATION_LEVEL = "-O";
				VALIDATE_PRODUCT = YES;
			};
			name = Release;
		};
		AF45D4AC285C080D008310D0 /* Debug */ = {
			isa = XCBuildConfiguration;
			buildSettings = {
				ASSETCATALOG_COMPILER_APPICON_NAME = AppIcon;
				ASSETCATALOG_COMPILER_GLOBAL_ACCENT_COLOR_NAME = AccentColor;
				CODE_SIGN_STYLE = Manual;
				CURRENT_PROJECT_VERSION = 1;
				DEVELOPMENT_ASSET_PATHS = "\"URLSessionChallenge/Preview Content\"";
				DEVELOPMENT_TEAM = "";
				ENABLE_PREVIEWS = YES;
				GENERATE_INFOPLIST_FILE = YES;
				INFOPLIST_KEY_UIApplicationSceneManifest_Generation = YES;
				INFOPLIST_KEY_UIApplicationSupportsIndirectInputEvents = YES;
				INFOPLIST_KEY_UILaunchScreen_Generation = YES;
				INFOPLIST_KEY_UISupportedInterfaceOrientations_iPad = "UIInterfaceOrientationPortrait UIInterfaceOrientationPortraitUpsideDown UIInterfaceOrientationLandscapeLeft UIInterfaceOrientationLandscapeRight";
				INFOPLIST_KEY_UISupportedInterfaceOrientations_iPhone = "UIInterfaceOrientationPortrait UIInterfaceOrientationLandscapeLeft UIInterfaceOrientationLandscapeRight";
				LD_RUNPATH_SEARCH_PATHS = (
					"$(inherited)",
					"@executable_path/Frameworks",
				);
				MARKETING_VERSION = 1.0;
				PRODUCT_BUNDLE_IDENTIFIER = master.URLSessionChallenge;
				PRODUCT_NAME = "$(TARGET_NAME)";
				PROVISIONING_PROFILE_SPECIFIER = "";
				SWIFT_EMIT_LOC_STRINGS = YES;
				SWIFT_VERSION = 5.0;
				TARGETED_DEVICE_FAMILY = "1,2";
			};
			name = Debug;
		};
		AF45D4AD285C080D008310D0 /* Release */ = {
			isa = XCBuildConfiguration;
			buildSettings = {
				ASSETCATALOG_COMPILER_APPICON_NAME = AppIcon;
				ASSETCATALOG_COMPILER_GLOBAL_ACCENT_COLOR_NAME = AccentColor;
				CODE_SIGN_STYLE = Manual;
				CURRENT_PROJECT_VERSION = 1;
				DEVELOPMENT_ASSET_PATHS = "\"URLSessionChallenge/Preview Content\"";
				DEVELOPMENT_TEAM = "";
				ENABLE_PREVIEWS = YES;
				GENERATE_INFOPLIST_FILE = YES;
				INFOPLIST_KEY_UIApplicationSceneManifest_Generation = YES;
				INFOPLIST_KEY_UIApplicationSupportsIndirectInputEvents = YES;
				INFOPLIST_KEY_UILaunchScreen_Generation = YES;
				INFOPLIST_KEY_UISupportedInterfaceOrientations_iPad = "UIInterfaceOrientationPortrait UIInterfaceOrientationPortraitUpsideDown UIInterfaceOrientationLandscapeLeft UIInterfaceOrientationLandscapeRight";
				INFOPLIST_KEY_UISupportedInterfaceOrientations_iPhone = "UIInterfaceOrientationPortrait UIInterfaceOrientationLandscapeLeft UIInterfaceOrientationLandscapeRight";
				LD_RUNPATH_SEARCH_PATHS = (
					"$(inherited)",
					"@executable_path/Frameworks",
				);
				MARKETING_VERSION = 1.0;
				PRODUCT_BUNDLE_IDENTIFIER = master.URLSessionChallenge;
				PRODUCT_NAME = "$(TARGET_NAME)";
				PROVISIONING_PROFILE_SPECIFIER = "";
				SWIFT_EMIT_LOC_STRINGS = YES;
				SWIFT_VERSION = 5.0;
				TARGETED_DEVICE_FAMILY = "1,2";
			};
			name = Release;
		};
/* End XCBuildConfiguration section */

/* Begin XCConfigurationList section */
		AF45D498285C080B008310D0 /* Build configuration list for PBXProject "URLSessionChallenge" */ = {
			isa = XCConfigurationList;
			buildConfigurations = (
				AF45D4A9285C080D008310D0 /* Debug */,
				AF45D4AA285C080D008310D0 /* Release */,
			);
			defaultConfigurationIsVisible = 0;
			defaultConfigurationName = Release;
		};
		AF45D4AB285C080D008310D0 /* Build configuration list for PBXNativeTarget "URLSessionChallenge" */ = {
			isa = XCConfigurationList;
			buildConfigurations = (
				AF45D4AC285C080D008310D0 /* Debug */,
				AF45D4AD285C080D008310D0 /* Release */,
			);
			defaultConfigurationIsVisible = 0;
			defaultConfigurationName = Release;
		};
/* End XCConfigurationList section */

/* Begin XCVersionGroup section */
		AF00EEEA285CD92300851154 /* Details.xcdatamodeld */ = {
			isa = XCVersionGroup;
			children = (
				AF00EEEB285CD92300851154 /* Details.xcdatamodel */,
			);
			currentVersion = AF00EEEB285CD92300851154 /* Details.xcdatamodel */;
			path = Details.xcdatamodeld;
			sourceTree = "<group>";
			versionGroupType = wrapper.xcdatamodel;
		};
/* End XCVersionGroup section */
	};
	rootObject = AF45D495285C080B008310D0 /* Project object */;
}
