// !$*UTF8*$!
{
	archiveVersion = 1;
	classes = {
	};
	objectVersion = 55;
	objects = {

/* Begin PBXBuildFile section */
		AFD0D1992846E741001D9161 /* HabitTrackerApp.swift in Sources */ = {isa = PBXBuildFile; fileRef = AFD0D1982846E741001D9161 /* HabitTrackerApp.swift */; };
		AFD0D19B2846E741001D9161 /* ContentView.swift in Sources */ = {isa = PBXBuildFile; fileRef = AFD0D19A2846E741001D9161 /* ContentView.swift */; };
		AFD0D19D2846E743001D9161 /* Assets.xcassets in Resources */ = {isa = PBXBuildFile; fileRef = AFD0D19C2846E743001D9161 /* Assets.xcassets */; };
		AFD0D1A02846E743001D9161 /* Preview Assets.xcassets in Resources */ = {isa = PBXBuildFile; fileRef = AFD0D19F2846E743001D9161 /* Preview Assets.xcassets */; };
		AFD0D1A72846E76D001D9161 /* HabitItem.swift in Sources */ = {isa = PBXBuildFile; fileRef = AFD0D1A62846E76D001D9161 /* HabitItem.swift */; };
		AFD0D1A92846E7E1001D9161 /* Habits.swift in Sources */ = {isa = PBXBuildFile; fileRef = AFD0D1A82846E7E1001D9161 /* Habits.swift */; };
		AFD0D1AB2846EB04001D9161 /* AddHabitView.swift in Sources */ = {isa = PBXBuildFile; fileRef = AFD0D1AA2846EB04001D9161 /* AddHabitView.swift */; };
		AFD0D1AD2846EEE3001D9161 /* EditHabitView.swift in Sources */ = {isa = PBXBuildFile; fileRef = AFD0D1AC2846EEE3001D9161 /* EditHabitView.swift */; };
		AFD0D1AF2846FBFC001D9161 /* UIColor+Extension.swift in Sources */ = {isa = PBXBuildFile; fileRef = AFD0D1AE2846FBFC001D9161 /* UIColor+Extension.swift */; };
/* End PBXBuildFile section */

/* Begin PBXFileReference section */
		AFD0D1952846E741001D9161 /* HabitTracker.app */ = {isa = PBXFileReference; explicitFileType = wrapper.application; includeInIndex = 0; path = HabitTracker.app; sourceTree = BUILT_PRODUCTS_DIR; };
		AFD0D1982846E741001D9161 /* HabitTrackerApp.swift */ = {isa = PBXFileReference; lastKnownFileType = sourcecode.swift; path = HabitTrackerApp.swift; sourceTree = "<group>"; };
		AFD0D19A2846E741001D9161 /* ContentView.swift */ = {isa = PBXFileReference; lastKnownFileType = sourcecode.swift; path = ContentView.swift; sourceTree = "<group>"; };
		AFD0D19C2846E743001D9161 /* Assets.xcassets */ = {isa = PBXFileReference; lastKnownFileType = folder.assetcatalog; path = Assets.xcassets; sourceTree = "<group>"; };
		AFD0D19F2846E743001D9161 /* Preview Assets.xcassets */ = {isa = PBXFileReference; lastKnownFileType = folder.assetcatalog; path = "Preview Assets.xcassets"; sourceTree = "<group>"; };
		AFD0D1A62846E76D001D9161 /* HabitItem.swift */ = {isa = PBXFileReference; lastKnownFileType = sourcecode.swift; path = HabitItem.swift; sourceTree = "<group>"; };
		AFD0D1A82846E7E1001D9161 /* Habits.swift */ = {isa = PBXFileReference; lastKnownFileType = sourcecode.swift; path = Habits.swift; sourceTree = "<group>"; };
		AFD0D1AA2846EB04001D9161 /* AddHabitView.swift */ = {isa = PBXFileReference; lastKnownFileType = sourcecode.swift; path = AddHabitView.swift; sourceTree = "<group>"; };
		AFD0D1AC2846EEE3001D9161 /* EditHabitView.swift */ = {isa = PBXFileReference; lastKnownFileType = sourcecode.swift; path = EditHabitView.swift; sourceTree = "<group>"; };
		AFD0D1AE2846FBFC001D9161 /* UIColor+Extension.swift */ = {isa = PBXFileReference; lastKnownFileType = sourcecode.swift; path = "UIColor+Extension.swift"; sourceTree = "<group>"; };
/* End PBXFileReference section */

/* Begin PBXFrameworksBuildPhase section */
		AFD0D1922846E741001D9161 /* Frameworks */ = {
			isa = PBXFrameworksBuildPhase;
			buildActionMask = 2147483647;
			files = (
			);
			runOnlyForDeploymentPostprocessing = 0;
		};
/* End PBXFrameworksBuildPhase section */

/* Begin PBXGroup section */
		AFD0D18C2846E741001D9161 = {
			isa = PBXGroup;
			children = (
				AFD0D1972846E741001D9161 /* HabitTracker */,
				AFD0D1962846E741001D9161 /* Products */,
			);
			sourceTree = "<group>";
		};
		AFD0D1962846E741001D9161 /* Products */ = {
			isa = PBXGroup;
			children = (
				AFD0D1952846E741001D9161 /* HabitTracker.app */,
			);
			name = Products;
			sourceTree = "<group>";
		};
		AFD0D1972846E741001D9161 /* HabitTracker */ = {
			isa = PBXGroup;
			children = (
				AFD0D1982846E741001D9161 /* HabitTrackerApp.swift */,
				AFD0D1A62846E76D001D9161 /* HabitItem.swift */,
				AFD0D1A82846E7E1001D9161 /* Habits.swift */,
				AFD0D19A2846E741001D9161 /* ContentView.swift */,
				AFD0D19C2846E743001D9161 /* Assets.xcassets */,
				AFD0D19E2846E743001D9161 /* Preview Content */,
				AFD0D1AA2846EB04001D9161 /* AddHabitView.swift */,
				AFD0D1AC2846EEE3001D9161 /* EditHabitView.swift */,
				AFD0D1AE2846FBFC001D9161 /* UIColor+Extension.swift */,
			);
			path = HabitTracker;
			sourceTree = "<group>";
		};
		AFD0D19E2846E743001D9161 /* Preview Content */ = {
			isa = PBXGroup;
			children = (
				AFD0D19F2846E743001D9161 /* Preview Assets.xcassets */,
			);
			path = "Preview Content";
			sourceTree = "<group>";
		};
/* End PBXGroup section */

/* Begin PBXNativeTarget section */
		AFD0D1942846E741001D9161 /* HabitTracker */ = {
			isa = PBXNativeTarget;
			buildConfigurationList = AFD0D1A32846E743001D9161 /* Build configuration list for PBXNativeTarget "HabitTracker" */;
			buildPhases = (
				AFD0D1912846E741001D9161 /* Sources */,
				AFD0D1922846E741001D9161 /* Frameworks */,
				AFD0D1932846E741001D9161 /* Resources */,
			);
			buildRules = (
			);
			dependencies = (
			);
			name = HabitTracker;
			productName = HabitTracker;
			productReference = AFD0D1952846E741001D9161 /* HabitTracker.app */;
			productType = "com.apple.product-type.application";
		};
/* End PBXNativeTarget section */

/* Begin PBXProject section */
		AFD0D18D2846E741001D9161 /* Project object */ = {
			isa = PBXProject;
			attributes = {
				BuildIndependentTargetsInParallel = 1;
				LastSwiftUpdateCheck = 1330;
				LastUpgradeCheck = 1330;
				TargetAttributes = {
					AFD0D1942846E741001D9161 = {
						CreatedOnToolsVersion = 13.3;
					};
				};
			};
			buildConfigurationList = AFD0D1902846E741001D9161 /* Build configuration list for PBXProject "HabitTracker" */;
			compatibilityVersion = "Xcode 13.0";
			developmentRegion = en;
			hasScannedForEncodings = 0;
			knownRegions = (
				en,
				Base,
			);
			mainGroup = AFD0D18C2846E741001D9161;
			productRefGroup = AFD0D1962846E741001D9161 /* Products */;
			projectDirPath = "";
			projectRoot = "";
			targets = (
				AFD0D1942846E741001D9161 /* HabitTracker */,
			);
		};
/* End PBXProject section */

/* Begin PBXResourcesBuildPhase section */
		AFD0D1932846E741001D9161 /* Resources */ = {
			isa = PBXResourcesBuildPhase;
			buildActionMask = 2147483647;
			files = (
				AFD0D1A02846E743001D9161 /* Preview Assets.xcassets in Resources */,
				AFD0D19D2846E743001D9161 /* Assets.xcassets in Resources */,
			);
			runOnlyForDeploymentPostprocessing = 0;
		};
/* End PBXResourcesBuildPhase section */

/* Begin PBXSourcesBuildPhase section */
		AFD0D1912846E741001D9161 /* Sources */ = {
			isa = PBXSourcesBuildPhase;
			buildActionMask = 2147483647;
			files = (
				AFD0D1AF2846FBFC001D9161 /* UIColor+Extension.swift in Sources */,
				AFD0D19B2846E741001D9161 /* ContentView.swift in Sources */,
				AFD0D1992846E741001D9161 /* HabitTrackerApp.swift in Sources */,
				AFD0D1A92846E7E1001D9161 /* Habits.swift in Sources */,
				AFD0D1A72846E76D001D9161 /* HabitItem.swift in Sources */,
				AFD0D1AB2846EB04001D9161 /* AddHabitView.swift in Sources */,
				AFD0D1AD2846EEE3001D9161 /* EditHabitView.swift in Sources */,
			);
			runOnlyForDeploymentPostprocessing = 0;
		};
/* End PBXSourcesBuildPhase section */

/* Begin XCBuildConfiguration section */
		AFD0D1A12846E743001D9161 /* Debug */ = {
			isa = XCBuildConfiguration;
			buildSettings = {
				ALWAYS_SEARCH_USER_PATHS = NO;
				CLANG_ANALYZER_NONNULL = YES;
				CLANG_ANALYZER_NUMBER_OBJECT_CONVERSION = YES_AGGRESSIVE;
				CLANG_CXX_LANGUAGE_STANDARD = "gnu++17";
				CLANG_ENABLE_MODULES = YES;
				CLANG_ENABLE_OBJC_ARC = YES;
				CLANG_ENABLE_OBJC_WEAK = YES;
				CLANG_WARN_BLOCK_CAPTURE_AUTORELEASING = YES;
				CLANG_WARN_BOOL_CONVERSION = YES;
				CLANG_WARN_COMMA = YES;
				CLANG_WARN_CONSTANT_CONVERSION = YES;
				CLANG_WARN_DEPRECATED_OBJC_IMPLEMENTATIONS = YES;
				CLANG_WARN_DIRECT_OBJC_ISA_USAGE = YES_ERROR;
				CLANG_WARN_DOCUMENTATION_COMMENTS = YES;
				CLANG_WARN_EMPTY_BODY = YES;
				CLANG_WARN_ENUM_CONVERSION = YES;
				CLANG_WARN_INFINITE_RECURSION = YES;
				CLANG_WARN_INT_CONVERSION = YES;
				CLANG_WARN_NON_LITERAL_NULL_CONVERSION = YES;
				CLANG_WARN_OBJC_IMPLICIT_RETAIN_SELF = YES;
				CLANG_WARN_OBJC_LITERAL_CONVERSION = YES;
				CLANG_WARN_OBJC_ROOT_CLASS = YES_ERROR;
				CLANG_WARN_QUOTED_INCLUDE_IN_FRAMEWORK_HEADER = YES;
				CLANG_WARN_RANGE_LOOP_ANALYSIS = YES;
				CLANG_WARN_STRICT_PROTOTYPES = YES;
				CLANG_WARN_SUSPICIOUS_MOVE = YES;
				CLANG_WARN_UNGUARDED_AVAILABILITY = YES_AGGRESSIVE;
				CLANG_WARN_UNREACHABLE_CODE = YES;
				CLANG_WARN__DUPLICATE_METHOD_MATCH = YES;
				COPY_PHASE_STRIP = NO;
				DEBUG_INFORMATION_FORMAT = dwarf;
				ENABLE_STRICT_OBJC_MSGSEND = YES;
				ENABLE_TESTABILITY = YES;
				GCC_C_LANGUAGE_STANDARD = gnu11;
				GCC_DYNAMIC_NO_PIC = NO;
				GCC_NO_COMMON_BLOCKS = YES;
				GCC_OPTIMIZATION_LEVEL = 0;
				GCC_PREPROCESSOR_DEFINITIONS = (
					"DEBUG=1",
					"$(inherited)",
				);
				GCC_WARN_64_TO_32_BIT_CONVERSION = YES;
				GCC_WARN_ABOUT_RETURN_TYPE = YES_ERROR;
				GCC_WARN_UNDECLARED_SELECTOR = YES;
				GCC_WARN_UNINITIALIZED_AUTOS = YES_AGGRESSIVE;
				GCC_WARN_UNUSED_FUNCTION = YES;
				GCC_WARN_UNUSED_VARIABLE = YES;
				IPHONEOS_DEPLOYMENT_TARGET = 15.4;
				MTL_ENABLE_DEBUG_INFO = INCLUDE_SOURCE;
				MTL_FAST_MATH = YES;
				ONLY_ACTIVE_ARCH = YES;
				SDKROOT = iphoneos;
				SWIFT_ACTIVE_COMPILATION_CONDITIONS = DEBUG;
				SWIFT_OPTIMIZATION_LEVEL = "-Onone";
			};
			name = Debug;
		};
		AFD0D1A22846E743001D9161 /* Release */ = {
			isa = XCBuildConfiguration;
			buildSettings = {
				ALWAYS_SEARCH_USER_PATHS = NO;
				CLANG_ANALYZER_NONNULL = YES;
				CLANG_ANALYZER_NUMBER_OBJECT_CONVERSION = YES_AGGRESSIVE;
				CLANG_CXX_LANGUAGE_STANDARD = "gnu++17";
				CLANG_ENABLE_MODULES = YES;
				CLANG_ENABLE_OBJC_ARC = YES;
				CLANG_ENABLE_OBJC_WEAK = YES;
				CLANG_WARN_BLOCK_CAPTURE_AUTORELEASING = YES;
				CLANG_WARN_BOOL_CONVERSION = YES;
				CLANG_WARN_COMMA = YES;
				CLANG_WARN_CONSTANT_CONVERSION = YES;
				CLANG_WARN_DEPRECATED_OBJC_IMPLEMENTATIONS = YES;
				CLANG_WARN_DIRECT_OBJC_ISA_USAGE = YES_ERROR;
				CLANG_WARN_DOCUMENTATION_COMMENTS = YES;
				CLANG_WARN_EMPTY_BODY = YES;
				CLANG_WARN_ENUM_CONVERSION = YES;
				CLANG_WARN_INFINITE_RECURSION = YES;
				CLANG_WARN_INT_CONVERSION = YES;
				CLANG_WARN_NON_LITERAL_NULL_CONVERSION = YES;
				CLANG_WARN_OBJC_IMPLICIT_RETAIN_SELF = YES;
				CLANG_WARN_OBJC_LITERAL_CONVERSION = YES;
				CLANG_WARN_OBJC_ROOT_CLASS = YES_ERROR;
				CLANG_WARN_QUOTED_INCLUDE_IN_FRAMEWORK_HEADER = YES;
				CLANG_WARN_RANGE_LOOP_ANALYSIS = YES;
				CLANG_WARN_STRICT_PROTOTYPES = YES;
				CLANG_WARN_SUSPICIOUS_MOVE = YES;
				CLANG_WARN_UNGUARDED_AVAILABILITY = YES_AGGRESSIVE;
				CLANG_WARN_UNREACHABLE_CODE = YES;
				CLANG_WARN__DUPLICATE_METHOD_MATCH = YES;
				COPY_PHASE_STRIP = NO;
				DEBUG_INFORMATION_FORMAT = "dwarf-with-dsym";
				ENABLE_NS_ASSERTIONS = NO;
				ENABLE_STRICT_OBJC_MSGSEND = YES;
				GCC_C_LANGUAGE_STANDARD = gnu11;
				GCC_NO_COMMON_BLOCKS = YES;
				GCC_WARN_64_TO_32_BIT_CONVERSION = YES;
				GCC_WARN_ABOUT_RETURN_TYPE = YES_ERROR;
				GCC_WARN_UNDECLARED_SELECTOR = YES;
				GCC_WARN_UNINITIALIZED_AUTOS = YES_AGGRESSIVE;
				GCC_WARN_UNUSED_FUNCTION = YES;
				GCC_WARN_UNUSED_VARIABLE = YES;
				IPHONEOS_DEPLOYMENT_TARGET = 15.4;
				MTL_ENABLE_DEBUG_INFO = NO;
				MTL_FAST_MATH = YES;
				SDKROOT = iphoneos;
				SWIFT_COMPILATION_MODE = wholemodule;
				SWIFT_OPTIMIZATION_LEVEL = "-O";
				VALIDATE_PRODUCT = YES;
			};
			name = Release;
		};
		AFD0D1A42846E743001D9161 /* Debug */ = {
			isa = XCBuildConfiguration;
			buildSettings = {
				ASSETCATALOG_COMPILER_APPICON_NAME = AppIcon;
				ASSETCATALOG_COMPILER_GLOBAL_ACCENT_COLOR_NAME = AccentColor;
				CODE_SIGN_STYLE = Automatic;
				CURRENT_PROJECT_VERSION = 1;
				DEVELOPMENT_ASSET_PATHS = "\"HabitTracker/Preview Content\"";
				ENABLE_PREVIEWS = YES;
				GENERATE_INFOPLIST_FILE = YES;
				INFOPLIST_KEY_UIApplicationSceneManifest_Generation = YES;
				INFOPLIST_KEY_UIApplicationSupportsIndirectInputEvents = YES;
				INFOPLIST_KEY_UILaunchScreen_Generation = YES;
				INFOPLIST_KEY_UISupportedInterfaceOrientations_iPad = "UIInterfaceOrientationPortrait UIInterfaceOrientationPortraitUpsideDown UIInterfaceOrientationLandscapeLeft UIInterfaceOrientationLandscapeRight";
				INFOPLIST_KEY_UISupportedInterfaceOrientations_iPhone = "UIInterfaceOrientationPortrait UIInterfaceOrientationLandscapeLeft UIInterfaceOrientationLandscapeRight";
				LD_RUNPATH_SEARCH_PATHS = (
					"$(inherited)",
					"@executable_path/Frameworks",
				);
				MARKETING_VERSION = 1.0;
				PRODUCT_BUNDLE_IDENTIFIER = master.HabitTracker;
				PRODUCT_NAME = "$(TARGET_NAME)";
				SWIFT_EMIT_LOC_STRINGS = YES;
				SWIFT_VERSION = 5.0;
				TARGETED_DEVICE_FAMILY = "1,2";
			};
			name = Debug;
		};
		AFD0D1A52846E743001D9161 /* Release */ = {
			isa = XCBuildConfiguration;
			buildSettings = {
				ASSETCATALOG_COMPILER_APPICON_NAME = AppIcon;
				ASSETCATALOG_COMPILER_GLOBAL_ACCENT_COLOR_NAME = AccentColor;
				CODE_SIGN_STYLE = Automatic;
				CURRENT_PROJECT_VERSION = 1;
				DEVELOPMENT_ASSET_PATHS = "\"HabitTracker/Preview Content\"";
				ENABLE_PREVIEWS = YES;
				GENERATE_INFOPLIST_FILE = YES;
				INFOPLIST_KEY_UIApplicationSceneManifest_Generation = YES;
				INFOPLIST_KEY_UIApplicationSupportsIndirectInputEvents = YES;
				INFOPLIST_KEY_UILaunchScreen_Generation = YES;
				INFOPLIST_KEY_UISupportedInterfaceOrientations_iPad = "UIInterfaceOrientationPortrait UIInterfaceOrientationPortraitUpsideDown UIInterfaceOrientationLandscapeLeft UIInterfaceOrientationLandscapeRight";
				INFOPLIST_KEY_UISupportedInterfaceOrientations_iPhone = "UIInterfaceOrientationPortrait UIInterfaceOrientationLandscapeLeft UIInterfaceOrientationLandscapeRight";
				LD_RUNPATH_SEARCH_PATHS = (
					"$(inherited)",
					"@executable_path/Frameworks",
				);
				MARKETING_VERSION = 1.0;
				PRODUCT_BUNDLE_IDENTIFIER = master.HabitTracker;
				PRODUCT_NAME = "$(TARGET_NAME)";
				SWIFT_EMIT_LOC_STRINGS = YES;
				SWIFT_VERSION = 5.0;
				TARGETED_DEVICE_FAMILY = "1,2";
			};
			name = Release;
		};
/* End XCBuildConfiguration section */

/* Begin XCConfigurationList section */
		AFD0D1902846E741001D9161 /* Build configuration list for PBXProject "HabitTracker" */ = {
			isa = XCConfigurationList;
			buildConfigurations = (
				AFD0D1A12846E743001D9161 /* Debug */,
				AFD0D1A22846E743001D9161 /* Release */,
			);
			defaultConfigurationIsVisible = 0;
			defaultConfigurationName = Release;
		};
		AFD0D1A32846E743001D9161 /* Build configuration list for PBXNativeTarget "HabitTracker" */ = {
			isa = XCConfigurationList;
			buildConfigurations = (
				AFD0D1A42846E743001D9161 /* Debug */,
				AFD0D1A52846E743001D9161 /* Release */,
			);
			defaultConfigurationIsVisible = 0;
			defaultConfigurationName = Release;
		};
/* End XCConfigurationList section */
	};
	rootObject = AFD0D18D2846E741001D9161 /* Project object */;
}
